
Microsoft Visual Studio Solution File, Format Version 12.00
# Visual Studio Version 16
VisualStudioVersion = 16.0.31702.278
MinimumVisualStudioVersion = 10.0.40219.1
Project("{FAE04EC0-301F-11D3-BF4B-00C04F79EFBC}") = "Spice.Web", "Spice.Web.csproj", "{F6689C2A-114A-463A-932D-1DDD4652EDCF}"
EndProject
Global
	GlobalSection(SolutionConfigurationPlatforms) = preSolution
		Debug|Any CPU = Debug|Any CPU
		Release|Any CPU = Release|Any CPU
	EndGlobalSection
	GlobalSection(ProjectConfigurationPlatforms) = postSolution
		{F6689C2A-114A-463A-932D-1DDD4652EDCF}.Debug|Any CPU.ActiveCfg = Debug|Any CPU
		{F6689C2A-114A-463A-932D-1DDD4652EDCF}.Debug|Any CPU.Build.0 = Debug|Any CPU
		{F6689C2A-114A-463A-932D-1DDD4652EDCF}.Release|Any CPU.ActiveCfg = Release|Any CPU
		{F6689C2A-114A-463A-932D-1DDD4652EDCF}.Release|Any CPU.Build.0 = Release|Any CPU
	EndGlobalSection
	GlobalSection(SolutionProperties) = preSolution
		HideSolutionNode = FALSE
	EndGlobalSection
	GlobalSection(ExtensibilityGlobals) = postSolution
		SolutionGuid = {4CB516B5-674F-46D4-BB7D-91DCAA44665F}
	EndGlobalSection
EndGlobal
